
Microsoft Visual Studio Solution File, Format Version 12.00
# Visual Studio Version 17
VisualStudioVersion = 17.11.35303.130
MinimumVisualStudioVersion = 10.0.40219.1
Project("{FAE04EC0-301F-11D3-BF4B-00C04F79EFBC}") = "AirHockey.Windows", "AirHockey.Windows\AirHockey.Windows.csproj", "{6462D4B0-6A14-474F-9EFB-419A5352BECA}"
EndProject
Global
	GlobalSection(SolutionConfigurationPlatforms) = preSolution
		Debug|Any CPU = Debug|Any CPU
		Release|Any CPU = Release|Any CPU
	EndGlobalSection
	GlobalSection(ProjectConfigurationPlatforms) = postSolution
		{6462D4B0-6A14-474F-9EFB-419A5352BECA}.Debug|Any CPU.ActiveCfg = Debug|Any CPU
		{6462D4B0-6A14-474F-9EFB-419A5352BECA}.Debug|Any CPU.Build.0 = Debug|Any CPU
		{6462D4B0-6A14-474F-9EFB-419A5352BECA}.Release|Any CPU.ActiveCfg = Release|Any CPU
		{6462D4B0-6A14-474F-9EFB-419A5352BECA}.Release|Any CPU.Build.0 = Release|Any CPU
	EndGlobalSection
	GlobalSection(SolutionProperties) = preSolution
		HideSolutionNode = FALSE
	EndGlobalSection
	GlobalSection(ExtensibilityGlobals) = postSolution
		SolutionGuid = {75C8FA05-17C2-4F8D-BAD8-71B479C747DB}
	EndGlobalSection
EndGlobal
