
Microsoft Visual Studio Solution File, Format Version 12.00
# Visual Studio Version 17
VisualStudioVersion = 17.11.35303.130
MinimumVisualStudioVersion = 10.0.40219.1
Project("{9A19103F-16F7-4668-BE54-9A1E7A4F7556}") = "AirHockey.Windows", "AirHockey.Windows\AirHockey.Windows.csproj", "{6462D4B0-6A14-474F-9EFB-419A5352BECA}"
EndProject
Project("{D954291E-2A0B-460D-934E-DC6B0785DB48}") = "AirHockey.Shared", "AirHockey.Shared\AirHockey.Shared.shproj", "{B90EF156-7C58-4412-9602-CE72CE5B2ABF}"
EndProject
Project("{9A19103F-16F7-4668-BE54-9A1E7A4F7556}") = "AirHockey.Android", "AirHockey.Android\AirHockey.Android.csproj", "{9CC57E04-B29A-4B5B-95B4-F3DBFB337B58}"
EndProject
Project("{FAE04EC0-301F-11D3-BF4B-00C04F79EFBC}") = "AirHiockey.iOS", "AirHiockey.iOS\AirHiockey.iOS.csproj", "{B4CD09D7-77E5-43FA-9866-893962530C68}"
EndProject
Project("{FAE04EC0-301F-11D3-BF4B-00C04F79EFBC}") = "AirHockey.DesktopGL", "AirHockey.DesktopGL\AirHockey.DesktopGL.csproj", "{9676EC9B-2A1A-447A-B570-E46F10190D2C}"
EndProject
Project("{FAE04EC0-301F-11D3-BF4B-00C04F79EFBC}") = "AirHockey.macOS", "AirHockey.macOS\AirHockey.macOS.csproj", "{9676EC9B-2A1A-447A-B570-E46F10190D2C}"
EndProject
Project("{FAE04EC0-301F-11D3-BF4B-00C04F79EFBC}") = "AirHockey.Linux", "AirHockey.Linux\AirHockey.Linux.csproj", "{9676EC9B-2A1A-447A-B570-E46F10190D2C}"
EndProject
Global
	GlobalSection(SolutionConfigurationPlatforms) = preSolution
		Debug|Any CPU = Debug|Any CPU
		Debug|ARM = Debug|ARM
		Debug|x64 = Debug|x64
		Debug|x86 = Debug|x86
		Release|Any CPU = Release|Any CPU
		Release|ARM = Release|ARM
		Release|x64 = Release|x64
		Release|x86 = Release|x86
	EndGlobalSection
	GlobalSection(ProjectConfigurationPlatforms) = postSolution
		{6462D4B0-6A14-474F-9EFB-419A5352BECA}.Debug|Any CPU.ActiveCfg = Debug|Any CPU
		{6462D4B0-6A14-474F-9EFB-419A5352BECA}.Debug|Any CPU.Build.0 = Debug|Any CPU
		{6462D4B0-6A14-474F-9EFB-419A5352BECA}.Debug|ARM.ActiveCfg = Debug|Any CPU
		{6462D4B0-6A14-474F-9EFB-419A5352BECA}.Debug|ARM.Build.0 = Debug|Any CPU
		{6462D4B0-6A14-474F-9EFB-419A5352BECA}.Debug|x64.ActiveCfg = Debug|Any CPU
		{6462D4B0-6A14-474F-9EFB-419A5352BECA}.Debug|x64.Build.0 = Debug|Any CPU
		{6462D4B0-6A14-474F-9EFB-419A5352BECA}.Debug|x86.ActiveCfg = Debug|Any CPU
		{6462D4B0-6A14-474F-9EFB-419A5352BECA}.Debug|x86.Build.0 = Debug|Any CPU
		{6462D4B0-6A14-474F-9EFB-419A5352BECA}.Release|Any CPU.ActiveCfg = Release|Any CPU
		{6462D4B0-6A14-474F-9EFB-419A5352BECA}.Release|Any CPU.Build.0 = Release|Any CPU
		{6462D4B0-6A14-474F-9EFB-419A5352BECA}.Release|ARM.ActiveCfg = Release|Any CPU
		{6462D4B0-6A14-474F-9EFB-419A5352BECA}.Release|ARM.Build.0 = Release|Any CPU
		{6462D4B0-6A14-474F-9EFB-419A5352BECA}.Release|x64.ActiveCfg = Release|Any CPU
		{6462D4B0-6A14-474F-9EFB-419A5352BECA}.Release|x64.Build.0 = Release|Any CPU
		{6462D4B0-6A14-474F-9EFB-419A5352BECA}.Release|x86.ActiveCfg = Release|Any CPU
		{6462D4B0-6A14-474F-9EFB-419A5352BECA}.Release|x86.Build.0 = Release|Any CPU
		{9CC57E04-B29A-4B5B-95B4-F3DBFB337B58}.Debug|Any CPU.ActiveCfg = Debug|Any CPU
		{9CC57E04-B29A-4B5B-95B4-F3DBFB337B58}.Debug|Any CPU.Build.0 = Debug|Any CPU
		{9CC57E04-B29A-4B5B-95B4-F3DBFB337B58}.Debug|Any CPU.Deploy.0 = Debug|Any CPU
		{9CC57E04-B29A-4B5B-95B4-F3DBFB337B58}.Debug|ARM.ActiveCfg = Debug|Any CPU
		{9CC57E04-B29A-4B5B-95B4-F3DBFB337B58}.Debug|ARM.Build.0 = Debug|Any CPU
		{9CC57E04-B29A-4B5B-95B4-F3DBFB337B58}.Debug|ARM.Deploy.0 = Debug|Any CPU
		{9CC57E04-B29A-4B5B-95B4-F3DBFB337B58}.Debug|x64.ActiveCfg = Debug|Any CPU
		{9CC57E04-B29A-4B5B-95B4-F3DBFB337B58}.Debug|x64.Build.0 = Debug|Any CPU
		{9CC57E04-B29A-4B5B-95B4-F3DBFB337B58}.Debug|x64.Deploy.0 = Debug|Any CPU
		{9CC57E04-B29A-4B5B-95B4-F3DBFB337B58}.Debug|x86.ActiveCfg = Debug|Any CPU
		{9CC57E04-B29A-4B5B-95B4-F3DBFB337B58}.Debug|x86.Build.0 = Debug|Any CPU
		{9CC57E04-B29A-4B5B-95B4-F3DBFB337B58}.Debug|x86.Deploy.0 = Debug|Any CPU
		{9CC57E04-B29A-4B5B-95B4-F3DBFB337B58}.Release|Any CPU.ActiveCfg = Release|Any CPU
		{9CC57E04-B29A-4B5B-95B4-F3DBFB337B58}.Release|Any CPU.Build.0 = Release|Any CPU
		{9CC57E04-B29A-4B5B-95B4-F3DBFB337B58}.Release|Any CPU.Deploy.0 = Release|Any CPU
		{9CC57E04-B29A-4B5B-95B4-F3DBFB337B58}.Release|ARM.ActiveCfg = Release|Any CPU
		{9CC57E04-B29A-4B5B-95B4-F3DBFB337B58}.Release|ARM.Build.0 = Release|Any CPU
		{9CC57E04-B29A-4B5B-95B4-F3DBFB337B58}.Release|ARM.Deploy.0 = Release|Any CPU
		{9CC57E04-B29A-4B5B-95B4-F3DBFB337B58}.Release|x64.ActiveCfg = Release|Any CPU
		{9CC57E04-B29A-4B5B-95B4-F3DBFB337B58}.Release|x64.Build.0 = Release|Any CPU
		{9CC57E04-B29A-4B5B-95B4-F3DBFB337B58}.Release|x64.Deploy.0 = Release|Any CPU
		{9CC57E04-B29A-4B5B-95B4-F3DBFB337B58}.Release|x86.ActiveCfg = Release|Any CPU
		{9CC57E04-B29A-4B5B-95B4-F3DBFB337B58}.Release|x86.Build.0 = Release|Any CPU
		{9CC57E04-B29A-4B5B-95B4-F3DBFB337B58}.Release|x86.Deploy.0 = Release|Any CPU
		{B4CD09D7-77E5-43FA-9866-893962530C68}.Debug|Any CPU.ActiveCfg = Debug|Any CPU
		{B4CD09D7-77E5-43FA-9866-893962530C68}.Debug|Any CPU.Build.0 = Debug|Any CPU
		{B4CD09D7-77E5-43FA-9866-893962530C68}.Debug|Any CPU.Deploy.0 = Debug|Any CPU
		{B4CD09D7-77E5-43FA-9866-893962530C68}.Debug|ARM.ActiveCfg = Debug|Any CPU
		{B4CD09D7-77E5-43FA-9866-893962530C68}.Debug|ARM.Build.0 = Debug|Any CPU
		{B4CD09D7-77E5-43FA-9866-893962530C68}.Debug|ARM.Deploy.0 = Debug|Any CPU
		{B4CD09D7-77E5-43FA-9866-893962530C68}.Debug|x64.ActiveCfg = Debug|Any CPU
		{B4CD09D7-77E5-43FA-9866-893962530C68}.Debug|x64.Build.0 = Debug|Any CPU
		{B4CD09D7-77E5-43FA-9866-893962530C68}.Debug|x64.Deploy.0 = Debug|Any CPU
		{B4CD09D7-77E5-43FA-9866-893962530C68}.Debug|x86.ActiveCfg = Debug|Any CPU
		{B4CD09D7-77E5-43FA-9866-893962530C68}.Debug|x86.Build.0 = Debug|Any CPU
		{B4CD09D7-77E5-43FA-9866-893962530C68}.Debug|x86.Deploy.0 = Debug|Any CPU
		{B4CD09D7-77E5-43FA-9866-893962530C68}.Release|Any CPU.ActiveCfg = Release|Any CPU
		{B4CD09D7-77E5-43FA-9866-893962530C68}.Release|Any CPU.Build.0 = Release|Any CPU
		{B4CD09D7-77E5-43FA-9866-893962530C68}.Release|Any CPU.Deploy.0 = Release|Any CPU
		{B4CD09D7-77E5-43FA-9866-893962530C68}.Release|ARM.ActiveCfg = Release|Any CPU
		{B4CD09D7-77E5-43FA-9866-893962530C68}.Release|ARM.Build.0 = Release|Any CPU
		{B4CD09D7-77E5-43FA-9866-893962530C68}.Release|ARM.Deploy.0 = Release|Any CPU
		{B4CD09D7-77E5-43FA-9866-893962530C68}.Release|x64.ActiveCfg = Release|Any CPU
		{B4CD09D7-77E5-43FA-9866-893962530C68}.Release|x64.Build.0 = Release|Any CPU
		{B4CD09D7-77E5-43FA-9866-893962530C68}.Release|x64.Deploy.0 = Release|Any CPU
		{B4CD09D7-77E5-43FA-9866-893962530C68}.Release|x86.ActiveCfg = Release|Any CPU
		{B4CD09D7-77E5-43FA-9866-893962530C68}.Release|x86.Build.0 = Release|Any CPU
		{B4CD09D7-77E5-43FA-9866-893962530C68}.Release|x86.Deploy.0 = Release|Any CPU
		{9676EC9B-2A1A-447A-B570-E46F10190D2C}.Debug|Any CPU.ActiveCfg = Debug|Any CPU
		{9676EC9B-2A1A-447A-B570-E46F10190D2C}.Debug|Any CPU.Build.0 = Debug|Any CPU
		{9676EC9B-2A1A-447A-B570-E46F10190D2C}.Debug|ARM.ActiveCfg = Debug|Any CPU
		{9676EC9B-2A1A-447A-B570-E46F10190D2C}.Debug|ARM.Build.0 = Debug|Any CPU
		{9676EC9B-2A1A-447A-B570-E46F10190D2C}.Debug|x64.ActiveCfg = Debug|Any CPU
		{9676EC9B-2A1A-447A-B570-E46F10190D2C}.Debug|x64.Build.0 = Debug|Any CPU
		{9676EC9B-2A1A-447A-B570-E46F10190D2C}.Debug|x86.ActiveCfg = Debug|Any CPU
		{9676EC9B-2A1A-447A-B570-E46F10190D2C}.Debug|x86.Build.0 = Debug|Any CPU
		{9676EC9B-2A1A-447A-B570-E46F10190D2C}.Release|Any CPU.ActiveCfg = Release|Any CPU
		{9676EC9B-2A1A-447A-B570-E46F10190D2C}.Release|Any CPU.Build.0 = Release|Any CPU
		{9676EC9B-2A1A-447A-B570-E46F10190D2C}.Release|ARM.ActiveCfg = Release|Any CPU
		{9676EC9B-2A1A-447A-B570-E46F10190D2C}.Release|ARM.Build.0 = Release|Any CPU
		{9676EC9B-2A1A-447A-B570-E46F10190D2C}.Release|x64.ActiveCfg = Release|Any CPU
		{9676EC9B-2A1A-447A-B570-E46F10190D2C}.Release|x64.Build.0 = Release|Any CPU
		{9676EC9B-2A1A-447A-B570-E46F10190D2C}.Release|x86.ActiveCfg = Release|Any CPU
		{9676EC9B-2A1A-447A-B570-E46F10190D2C}.Release|x86.Build.0 = Release|Any CPU
		{90DB4CE5-943F-42E9-B1D8-3F1821A55617}.Debug|Any CPU.ActiveCfg = Debug|x64
		{90DB4CE5-943F-42E9-B1D8-3F1821A55617}.Debug|Any CPU.Build.0 = Debug|x64
		{90DB4CE5-943F-42E9-B1D8-3F1821A55617}.Debug|Any CPU.Deploy.0 = Debug|x64
		{90DB4CE5-943F-42E9-B1D8-3F1821A55617}.Debug|ARM.ActiveCfg = Debug|ARM
		{90DB4CE5-943F-42E9-B1D8-3F1821A55617}.Debug|ARM.Build.0 = Debug|ARM
		{90DB4CE5-943F-42E9-B1D8-3F1821A55617}.Debug|ARM.Deploy.0 = Debug|ARM
		{90DB4CE5-943F-42E9-B1D8-3F1821A55617}.Debug|x64.ActiveCfg = Debug|x64
		{90DB4CE5-943F-42E9-B1D8-3F1821A55617}.Debug|x64.Build.0 = Debug|x64
		{90DB4CE5-943F-42E9-B1D8-3F1821A55617}.Debug|x64.Deploy.0 = Debug|x64
		{90DB4CE5-943F-42E9-B1D8-3F1821A55617}.Debug|x86.ActiveCfg = Debug|x86
		{90DB4CE5-943F-42E9-B1D8-3F1821A55617}.Debug|x86.Build.0 = Debug|x86
		{90DB4CE5-943F-42E9-B1D8-3F1821A55617}.Debug|x86.Deploy.0 = Debug|x86
		{90DB4CE5-943F-42E9-B1D8-3F1821A55617}.Release|Any CPU.ActiveCfg = Release|x64
		{90DB4CE5-943F-42E9-B1D8-3F1821A55617}.Release|Any CPU.Build.0 = Release|x64
		{90DB4CE5-943F-42E9-B1D8-3F1821A55617}.Release|Any CPU.Deploy.0 = Release|x64
		{90DB4CE5-943F-42E9-B1D8-3F1821A55617}.Release|ARM.ActiveCfg = Release|ARM
		{90DB4CE5-943F-42E9-B1D8-3F1821A55617}.Release|ARM.Build.0 = Release|ARM
		{90DB4CE5-943F-42E9-B1D8-3F1821A55617}.Release|ARM.Deploy.0 = Release|ARM
		{90DB4CE5-943F-42E9-B1D8-3F1821A55617}.Release|x64.ActiveCfg = Release|x64
		{90DB4CE5-943F-42E9-B1D8-3F1821A55617}.Release|x64.Build.0 = Release|x64
		{90DB4CE5-943F-42E9-B1D8-3F1821A55617}.Release|x64.Deploy.0 = Release|x64
		{90DB4CE5-943F-42E9-B1D8-3F1821A55617}.Release|x86.ActiveCfg = Release|x86
		{90DB4CE5-943F-42E9-B1D8-3F1821A55617}.Release|x86.Build.0 = Release|x86
		{90DB4CE5-943F-42E9-B1D8-3F1821A55617}.Release|x86.Deploy.0 = Release|x86
	EndGlobalSection
	GlobalSection(SolutionProperties) = preSolution
		HideSolutionNode = FALSE
	EndGlobalSection
	GlobalSection(ExtensibilityGlobals) = postSolution
		SolutionGuid = {75C8FA05-17C2-4F8D-BAD8-71B479C747DB}
	EndGlobalSection
	GlobalSection(SharedMSBuildProjectFiles) = preSolution
		AirHockey.Shared\AirHockey.Shared.projitems*{6462d4b0-6a14-474f-9efb-419a5352beca}*SharedItemsImports = 5
		AirHockey.Shared\AirHockey.Shared.projitems*{90db4ce5-943f-42e9-b1d8-3f1821a55617}*SharedItemsImports = 4
		AirHockey.Shared\AirHockey.Shared.projitems*{9676ec9b-2a1a-447a-b570-e46f10190d2c}*SharedItemsImports = 5
		AirHockey.Shared\AirHockey.Shared.projitems*{9cc57e04-b29a-4b5b-95b4-f3dbfb337b58}*SharedItemsImports = 5
		AirHockey.Shared\AirHockey.Shared.projitems*{b4cd09d7-77e5-43fa-9866-893962530c68}*SharedItemsImports = 5
		AirHockey.Shared\AirHockey.Shared.projitems*{b90ef156-7c58-4412-9602-ce72ce5b2abf}*SharedItemsImports = 13
	EndGlobalSection
EndGlobal
